
Microsoft Visual Studio Solution File, Format Version 12.00
# Visual Studio Version 17
VisualStudioVersion = 17.0.32112.339
MinimumVisualStudioVersion = 10.0.40219.1
Project("{2150E333-8FDC-42A3-9474-1A3956D46DE8}") = "Services", "Services", "{57D78B2F-F14E-474F-B578-7E4B8D6948C0}"
EndProject
Project("{2150E333-8FDC-42A3-9474-1A3956D46DE8}") = "Catalog", "Catalog", "{5596D69A-3609-452A-AE5F-BFA217872E4A}"
EndProject
Project("{9A19103F-16F7-4668-BE54-9A1E7A4F7556}") = "Catalog.API", "..\Services\Catalog\Catalog.API\Catalog.API.csproj", "{6CD3E6DF-BA0C-4625-A644-E035B9C4FE21}"
EndProject
Project("{2150E333-8FDC-42A3-9474-1A3956D46DE8}") = "API.Gateways", "API.Gateways", "{D6258BE6-A88E-481C-94E6-FE1B7D14569F}"
EndProject
Project("{2150E333-8FDC-42A3-9474-1A3956D46DE8}") = "BuildingBlocks", "BuildingBlocks", "{6FF269DC-2AB2-41E8-84BA-4333E4A6C068}"
EndProject
Project("{9A19103F-16F7-4668-BE54-9A1E7A4F7556}") = "OcelotGateway", "..\ApiGateways\OcelotGateway\OcelotGateway.csproj", "{1C82C6BE-7A12-4042-86B9-D436068216E6}"
EndProject
Project("{9A19103F-16F7-4668-BE54-9A1E7A4F7556}") = "Common.Infrastructure", "..\BuildingBlocks\Common.Infrastructure\Common.Infrastructure.csproj", "{D2DCD85B-5C30-4684-AFE4-0882D83F9776}"
EndProject
Project("{9A19103F-16F7-4668-BE54-9A1E7A4F7556}") = "Common.EventBus", "..\BuildingBlocks\Common.EventBus\Common.EventBus.csproj", "{FCB25039-7E33-46F9-8945-735EE1612423}"
EndProject
Project("{9A19103F-16F7-4668-BE54-9A1E7A4F7556}") = "Common.Logging", "..\BuildingBlocks\Common.Logging\Common.Logging.csproj", "{BF65607B-3355-44E0-973B-B451EFB2C3F7}"
EndProject
Project("{2150E333-8FDC-42A3-9474-1A3956D46DE8}") = "Cart", "Cart", "{0D1E9D3D-152C-44E6-98EF-27811EB3146C}"
EndProject
Project("{9A19103F-16F7-4668-BE54-9A1E7A4F7556}") = "Cart.API", "..\Services\Cart\Cart.API\Cart.API.csproj", "{3820E936-95B3-4370-84C4-CF2514CB5A0C}"
EndProject
Project("{2150E333-8FDC-42A3-9474-1A3956D46DE8}") = "Reservation", "Reservation", "{775CFD30-1D0D-4506-A396-2D557523793A}"
EndProject
Project("{9A19103F-16F7-4668-BE54-9A1E7A4F7556}") = "Reservation.API", "..\Services\Reservation\Reservation.API\Reservation.API.csproj", "{43D9856C-0829-4E7A-BA76-1D8449FF43F4}"
EndProject
Project("{2150E333-8FDC-42A3-9474-1A3956D46DE8}") = "Presentation", "Presentation", "{83D797E3-443D-4729-8963-675994F61059}"
EndProject
Project("{9A19103F-16F7-4668-BE54-9A1E7A4F7556}") = "HealthCheck.UI", "..\Presentation\HealthCheck.UI\HealthCheck.UI.csproj", "{6014B02B-68AA-4EB0-99E0-82AE7755A6FC}"
EndProject
Project("{FAE04EC0-301F-11D3-BF4B-00C04F79EFBC}") = "Common.Utilities", "..\Services\BuildingBlocks\Common.Utilities\Common.Utilities.csproj", "{EE79C128-8A5E-4603-B47F-FD3D858CF4A8}"
EndProject
Global
	GlobalSection(SolutionConfigurationPlatforms) = preSolution
		Debug|Any CPU = Debug|Any CPU
		Release|Any CPU = Release|Any CPU
	EndGlobalSection
	GlobalSection(ProjectConfigurationPlatforms) = postSolution
		{6CD3E6DF-BA0C-4625-A644-E035B9C4FE21}.Debug|Any CPU.ActiveCfg = Debug|Any CPU
		{6CD3E6DF-BA0C-4625-A644-E035B9C4FE21}.Debug|Any CPU.Build.0 = Debug|Any CPU
		{6CD3E6DF-BA0C-4625-A644-E035B9C4FE21}.Release|Any CPU.ActiveCfg = Release|Any CPU
		{6CD3E6DF-BA0C-4625-A644-E035B9C4FE21}.Release|Any CPU.Build.0 = Release|Any CPU
		{1C82C6BE-7A12-4042-86B9-D436068216E6}.Debug|Any CPU.ActiveCfg = Debug|Any CPU
		{1C82C6BE-7A12-4042-86B9-D436068216E6}.Debug|Any CPU.Build.0 = Debug|Any CPU
		{1C82C6BE-7A12-4042-86B9-D436068216E6}.Release|Any CPU.ActiveCfg = Release|Any CPU
		{1C82C6BE-7A12-4042-86B9-D436068216E6}.Release|Any CPU.Build.0 = Release|Any CPU
		{D2DCD85B-5C30-4684-AFE4-0882D83F9776}.Debug|Any CPU.ActiveCfg = Debug|Any CPU
		{D2DCD85B-5C30-4684-AFE4-0882D83F9776}.Debug|Any CPU.Build.0 = Debug|Any CPU
		{D2DCD85B-5C30-4684-AFE4-0882D83F9776}.Release|Any CPU.ActiveCfg = Release|Any CPU
		{D2DCD85B-5C30-4684-AFE4-0882D83F9776}.Release|Any CPU.Build.0 = Release|Any CPU
		{FCB25039-7E33-46F9-8945-735EE1612423}.Debug|Any CPU.ActiveCfg = Debug|Any CPU
		{FCB25039-7E33-46F9-8945-735EE1612423}.Debug|Any CPU.Build.0 = Debug|Any CPU
		{FCB25039-7E33-46F9-8945-735EE1612423}.Release|Any CPU.ActiveCfg = Release|Any CPU
		{FCB25039-7E33-46F9-8945-735EE1612423}.Release|Any CPU.Build.0 = Release|Any CPU
		{BF65607B-3355-44E0-973B-B451EFB2C3F7}.Debug|Any CPU.ActiveCfg = Debug|Any CPU
		{BF65607B-3355-44E0-973B-B451EFB2C3F7}.Debug|Any CPU.Build.0 = Debug|Any CPU
		{BF65607B-3355-44E0-973B-B451EFB2C3F7}.Release|Any CPU.ActiveCfg = Release|Any CPU
		{BF65607B-3355-44E0-973B-B451EFB2C3F7}.Release|Any CPU.Build.0 = Release|Any CPU
		{3820E936-95B3-4370-84C4-CF2514CB5A0C}.Debug|Any CPU.ActiveCfg = Debug|Any CPU
		{3820E936-95B3-4370-84C4-CF2514CB5A0C}.Debug|Any CPU.Build.0 = Debug|Any CPU
		{3820E936-95B3-4370-84C4-CF2514CB5A0C}.Release|Any CPU.ActiveCfg = Release|Any CPU
		{3820E936-95B3-4370-84C4-CF2514CB5A0C}.Release|Any CPU.Build.0 = Release|Any CPU
		{43D9856C-0829-4E7A-BA76-1D8449FF43F4}.Debug|Any CPU.ActiveCfg = Debug|Any CPU
		{43D9856C-0829-4E7A-BA76-1D8449FF43F4}.Debug|Any CPU.Build.0 = Debug|Any CPU
		{43D9856C-0829-4E7A-BA76-1D8449FF43F4}.Release|Any CPU.ActiveCfg = Release|Any CPU
		{43D9856C-0829-4E7A-BA76-1D8449FF43F4}.Release|Any CPU.Build.0 = Release|Any CPU
		{6014B02B-68AA-4EB0-99E0-82AE7755A6FC}.Debug|Any CPU.ActiveCfg = Debug|Any CPU
		{6014B02B-68AA-4EB0-99E0-82AE7755A6FC}.Debug|Any CPU.Build.0 = Debug|Any CPU
		{6014B02B-68AA-4EB0-99E0-82AE7755A6FC}.Release|Any CPU.ActiveCfg = Release|Any CPU
		{6014B02B-68AA-4EB0-99E0-82AE7755A6FC}.Release|Any CPU.Build.0 = Release|Any CPU
		{EE79C128-8A5E-4603-B47F-FD3D858CF4A8}.Debug|Any CPU.ActiveCfg = Debug|Any CPU
		{EE79C128-8A5E-4603-B47F-FD3D858CF4A8}.Debug|Any CPU.Build.0 = Debug|Any CPU
		{EE79C128-8A5E-4603-B47F-FD3D858CF4A8}.Release|Any CPU.ActiveCfg = Release|Any CPU
		{EE79C128-8A5E-4603-B47F-FD3D858CF4A8}.Release|Any CPU.Build.0 = Release|Any CPU
	EndGlobalSection
	GlobalSection(SolutionProperties) = preSolution
		HideSolutionNode = FALSE
	EndGlobalSection
	GlobalSection(NestedProjects) = preSolution
		{5596D69A-3609-452A-AE5F-BFA217872E4A} = {57D78B2F-F14E-474F-B578-7E4B8D6948C0}
		{6CD3E6DF-BA0C-4625-A644-E035B9C4FE21} = {5596D69A-3609-452A-AE5F-BFA217872E4A}
		{1C82C6BE-7A12-4042-86B9-D436068216E6} = {D6258BE6-A88E-481C-94E6-FE1B7D14569F}
		{D2DCD85B-5C30-4684-AFE4-0882D83F9776} = {6FF269DC-2AB2-41E8-84BA-4333E4A6C068}
		{FCB25039-7E33-46F9-8945-735EE1612423} = {6FF269DC-2AB2-41E8-84BA-4333E4A6C068}
		{BF65607B-3355-44E0-973B-B451EFB2C3F7} = {6FF269DC-2AB2-41E8-84BA-4333E4A6C068}
		{0D1E9D3D-152C-44E6-98EF-27811EB3146C} = {57D78B2F-F14E-474F-B578-7E4B8D6948C0}
		{3820E936-95B3-4370-84C4-CF2514CB5A0C} = {0D1E9D3D-152C-44E6-98EF-27811EB3146C}
		{775CFD30-1D0D-4506-A396-2D557523793A} = {57D78B2F-F14E-474F-B578-7E4B8D6948C0}
		{43D9856C-0829-4E7A-BA76-1D8449FF43F4} = {775CFD30-1D0D-4506-A396-2D557523793A}
		{6014B02B-68AA-4EB0-99E0-82AE7755A6FC} = {83D797E3-443D-4729-8963-675994F61059}
		{EE79C128-8A5E-4603-B47F-FD3D858CF4A8} = {6FF269DC-2AB2-41E8-84BA-4333E4A6C068}
	EndGlobalSection
	GlobalSection(ExtensibilityGlobals) = postSolution
		SolutionGuid = {FB2DD6C4-277F-4632-8E1B-1674406D091B}
	EndGlobalSection
EndGlobal
